
Microsoft Visual Studio Solution File, Format Version 12.00
# Visual Studio Version 17
VisualStudioVersion = 17.13.35931.197
MinimumVisualStudioVersion = 10.0.40219.1
Project("{FAE04EC0-301F-11D3-BF4B-00C04F79EFBC}") = "lr1_3", "lr1_3.csproj", "{578CA47B-CE67-46CE-BF89-EC5D2C187C69}"
EndProject
Project("{FAE04EC0-301F-11D3-BF4B-00C04F79EFBC}") = "TheaterLibrary", "..\TheaterLibrary\TheaterLibrary.csproj", "{4C858896-6CD4-49AE-BF28-654033917DE3}"
EndProject
Global
	GlobalSection(SolutionConfigurationPlatforms) = preSolution
		Debug|Any CPU = Debug|Any CPU
		Release|Any CPU = Release|Any CPU
	EndGlobalSection
	GlobalSection(ProjectConfigurationPlatforms) = postSolution
		{578CA47B-CE67-46CE-BF89-EC5D2C187C69}.Debug|Any CPU.ActiveCfg = Debug|Any CPU
		{578CA47B-CE67-46CE-BF89-EC5D2C187C69}.Debug|Any CPU.Build.0 = Debug|Any CPU
		{578CA47B-CE67-46CE-BF89-EC5D2C187C69}.Release|Any CPU.ActiveCfg = Release|Any CPU
		{578CA47B-CE67-46CE-BF89-EC5D2C187C69}.Release|Any CPU.Build.0 = Release|Any CPU
		{4C858896-6CD4-49AE-BF28-654033917DE3}.Debug|Any CPU.ActiveCfg = Debug|Any CPU
		{4C858896-6CD4-49AE-BF28-654033917DE3}.Debug|Any CPU.Build.0 = Debug|Any CPU
		{4C858896-6CD4-49AE-BF28-654033917DE3}.Release|Any CPU.ActiveCfg = Release|Any CPU
		{4C858896-6CD4-49AE-BF28-654033917DE3}.Release|Any CPU.Build.0 = Release|Any CPU
	EndGlobalSection
	GlobalSection(SolutionProperties) = preSolution
		HideSolutionNode = FALSE
	EndGlobalSection
	GlobalSection(ExtensibilityGlobals) = postSolution
		SolutionGuid = {F7EBB7EF-3C8D-4756-BD10-B3F837BA32A1}
	EndGlobalSection
EndGlobal
